// !$*UTF8*$!
{
	archiveVersion = 1;
	classes = {
	};
	objectVersion = 46;
	objects = {

/* Begin PBXBuildFile section */
		6AEEA0F71F1DCEA5004916B9 /* CryptoWithSwift.framework in Frameworks */ = {isa = PBXBuildFile; fileRef = 6AEEA0ED1F1DCEA5004916B9 /* CryptoWithSwift.framework */; };
		6AEEA0FC1F1DCEA5004916B9 /* CryptoWithSwiftTests.swift in Sources */ = {isa = PBXBuildFile; fileRef = 6AEEA0FB1F1DCEA5004916B9 /* CryptoWithSwiftTests.swift */; };
		6AEEA0FE1F1DCEA5004916B9 /* CryptoWithSwift.h in Headers */ = {isa = PBXBuildFile; fileRef = 6AEEA0F01F1DCEA5004916B9 /* CryptoWithSwift.h */; settings = {ATTRIBUTES = (Public, ); }; };
		6AEEA19E1F1DE207004916B9 /* CryptoWithSwift.swift in Sources */ = {isa = PBXBuildFile; fileRef = 6AEEA19D1F1DE207004916B9 /* CryptoWithSwift.swift */; };
/* End PBXBuildFile section */

/* Begin PBXContainerItemProxy section */
		6AEEA0F81F1DCEA5004916B9 /* PBXContainerItemProxy */ = {
			isa = PBXContainerItemProxy;
			containerPortal = 6AEEA0E41F1DCEA5004916B9 /* Project object */;
			proxyType = 1;
			remoteGlobalIDString = 6AEEA0EC1F1DCEA5004916B9;
			remoteInfo = CryptoWithSwift;
		};
		6AEEA1941F1DDE2D004916B9 /* PBXContainerItemProxy */ = {
			isa = PBXContainerItemProxy;
			containerPortal = 6AEEA18E1F1DDE2C004916B9 /* Demo.xcodeproj */;
			proxyType = 2;
			remoteGlobalIDString = 6AEEA15D1F1DDE20004916B9;
			remoteInfo = Demo;
		};
		6AEEA1961F1DDE2D004916B9 /* PBXContainerItemProxy */ = {
			isa = PBXContainerItemProxy;
			containerPortal = 6AEEA18E1F1DDE2C004916B9 /* Demo.xcodeproj */;
			proxyType = 2;
			remoteGlobalIDString = 6AEEA1711F1DDE20004916B9;
			remoteInfo = DemoTests;
		};
		6AEEA1981F1DDE2D004916B9 /* PBXContainerItemProxy */ = {
			isa = PBXContainerItemProxy;
			containerPortal = 6AEEA18E1F1DDE2C004916B9 /* Demo.xcodeproj */;
			proxyType = 2;
			remoteGlobalIDString = 6AEEA17C1F1DDE20004916B9;
			remoteInfo = DemoUITests;
		};
/* End PBXContainerItemProxy section */

/* Begin PBXFileReference section */
		6AEEA0ED1F1DCEA5004916B9 /* CryptoWithSwift.framework */ = {isa = PBXFileReference; explicitFileType = wrapper.framework; includeInIndex = 0; path = CryptoWithSwift.framework; sourceTree = BUILT_PRODUCTS_DIR; };
		6AEEA0F01F1DCEA5004916B9 /* CryptoWithSwift.h */ = {isa = PBXFileReference; lastKnownFileType = sourcecode.c.h; path = CryptoWithSwift.h; sourceTree = "<group>"; };
		6AEEA0F11F1DCEA5004916B9 /* Info.plist */ = {isa = PBXFileReference; lastKnownFileType = text.plist.xml; path = Info.plist; sourceTree = "<group>"; };
		6AEEA0F61F1DCEA5004916B9 /* CryptoWithSwiftTests.xctest */ = {isa = PBXFileReference; explicitFileType = wrapper.cfbundle; includeInIndex = 0; path = CryptoWithSwiftTests.xctest; sourceTree = BUILT_PRODUCTS_DIR; };
		6AEEA0FB1F1DCEA5004916B9 /* CryptoWithSwiftTests.swift */ = {isa = PBXFileReference; lastKnownFileType = sourcecode.swift; path = CryptoWithSwiftTests.swift; sourceTree = "<group>"; };
		6AEEA0FD1F1DCEA5004916B9 /* Info.plist */ = {isa = PBXFileReference; lastKnownFileType = text.plist.xml; path = Info.plist; sourceTree = "<group>"; };
		6AEEA18E1F1DDE2C004916B9 /* Demo.xcodeproj */ = {isa = PBXFileReference; lastKnownFileType = "wrapper.pb-project"; name = Demo.xcodeproj; path = Demo/Demo.xcodeproj; sourceTree = "<group>"; };
		6AEEA19D1F1DE207004916B9 /* CryptoWithSwift.swift */ = {isa = PBXFileReference; fileEncoding = 4; lastKnownFileType = sourcecode.swift; path = CryptoWithSwift.swift; sourceTree = "<group>"; };
		6AEEA1A31F1DE49E004916B9 /* module.modulemap */ = {isa = PBXFileReference; fileEncoding = 4; lastKnownFileType = "sourcecode.module-map"; path = module.modulemap; sourceTree = "<group>"; };
/* End PBXFileReference section */

/* Begin PBXFrameworksBuildPhase section */
		6AEEA0E91F1DCEA5004916B9 /* Frameworks */ = {
			isa = PBXFrameworksBuildPhase;
			buildActionMask = 2147483647;
			files = (
			);
			runOnlyForDeploymentPostprocessing = 0;
		};
		6AEEA0F31F1DCEA5004916B9 /* Frameworks */ = {
			isa = PBXFrameworksBuildPhase;
			buildActionMask = 2147483647;
			files = (
				6AEEA0F71F1DCEA5004916B9 /* CryptoWithSwift.framework in Frameworks */,
			);
			runOnlyForDeploymentPostprocessing = 0;
		};
/* End PBXFrameworksBuildPhase section */

/* Begin PBXGroup section */
		6AEEA0E31F1DCEA5004916B9 = {
			isa = PBXGroup;
			children = (
				6AEEA1A21F1DE49E004916B9 /* CommonCrypto */,
				6AEEA18E1F1DDE2C004916B9 /* Demo.xcodeproj */,
				6AEEA0EF1F1DCEA5004916B9 /* CryptoWithSwift */,
				6AEEA0FA1F1DCEA5004916B9 /* CryptoWithSwiftTests */,
				6AEEA0EE1F1DCEA5004916B9 /* Products */,
			);
			sourceTree = "<group>";
		};
		6AEEA0EE1F1DCEA5004916B9 /* Products */ = {
			isa = PBXGroup;
			children = (
				6AEEA0ED1F1DCEA5004916B9 /* CryptoWithSwift.framework */,
				6AEEA0F61F1DCEA5004916B9 /* CryptoWithSwiftTests.xctest */,
			);
			name = Products;
			sourceTree = "<group>";
		};
		6AEEA0EF1F1DCEA5004916B9 /* CryptoWithSwift */ = {
			isa = PBXGroup;
			children = (
				6AEEA0F01F1DCEA5004916B9 /* CryptoWithSwift.h */,
				6AEEA0F11F1DCEA5004916B9 /* Info.plist */,
				6AEEA19D1F1DE207004916B9 /* CryptoWithSwift.swift */,
			);
			path = CryptoWithSwift;
			sourceTree = "<group>";
		};
		6AEEA0FA1F1DCEA5004916B9 /* CryptoWithSwiftTests */ = {
			isa = PBXGroup;
			children = (
				6AEEA0FB1F1DCEA5004916B9 /* CryptoWithSwiftTests.swift */,
				6AEEA0FD1F1DCEA5004916B9 /* Info.plist */,
			);
			path = CryptoWithSwiftTests;
			sourceTree = "<group>";
		};
		6AEEA18F1F1DDE2C004916B9 /* Products */ = {
			isa = PBXGroup;
			children = (
				6AEEA1951F1DDE2D004916B9 /* Demo.app */,
				6AEEA1971F1DDE2D004916B9 /* DemoTests.xctest */,
				6AEEA1991F1DDE2D004916B9 /* DemoUITests.xctest */,
			);
			name = Products;
			sourceTree = "<group>";
		};
		6AEEA1A21F1DE49E004916B9 /* CommonCrypto */ = {
			isa = PBXGroup;
			children = (
				6AEEA1A31F1DE49E004916B9 /* module.modulemap */,
			);
			path = CommonCrypto;
			sourceTree = "<group>";
		};
/* End PBXGroup section */

/* Begin PBXHeadersBuildPhase section */
		6AEEA0EA1F1DCEA5004916B9 /* Headers */ = {
			isa = PBXHeadersBuildPhase;
			buildActionMask = 2147483647;
			files = (
				6AEEA0FE1F1DCEA5004916B9 /* CryptoWithSwift.h in Headers */,
			);
			runOnlyForDeploymentPostprocessing = 0;
		};
/* End PBXHeadersBuildPhase section */

/* Begin PBXNativeTarget section */
		6AEEA0EC1F1DCEA5004916B9 /* CryptoWithSwift */ = {
			isa = PBXNativeTarget;
			buildConfigurationList = 6AEEA1011F1DCEA5004916B9 /* Build configuration list for PBXNativeTarget "CryptoWithSwift" */;
			buildPhases = (
				6AEEA0E81F1DCEA5004916B9 /* Sources */,
				6AEEA0E91F1DCEA5004916B9 /* Frameworks */,
				6AEEA0EA1F1DCEA5004916B9 /* Headers */,
				6AEEA0EB1F1DCEA5004916B9 /* Resources */,
			);
			buildRules = (
			);
			dependencies = (
			);
			name = CryptoWithSwift;
			productName = CryptoWithSwift;
			productReference = 6AEEA0ED1F1DCEA5004916B9 /* CryptoWithSwift.framework */;
			productType = "com.apple.product-type.framework";
		};
		6AEEA0F51F1DCEA5004916B9 /* CryptoWithSwiftTests */ = {
			isa = PBXNativeTarget;
			buildConfigurationList = 6AEEA1041F1DCEA5004916B9 /* Build configuration list for PBXNativeTarget "CryptoWithSwiftTests" */;
			buildPhases = (
				6AEEA0F21F1DCEA5004916B9 /* Sources */,
				6AEEA0F31F1DCEA5004916B9 /* Frameworks */,
				6AEEA0F41F1DCEA5004916B9 /* Resources */,
			);
			buildRules = (
			);
			dependencies = (
				6AEEA0F91F1DCEA5004916B9 /* PBXTargetDependency */,
			);
			name = CryptoWithSwiftTests;
			productName = CryptoWithSwiftTests;
			productReference = 6AEEA0F61F1DCEA5004916B9 /* CryptoWithSwiftTests.xctest */;
			productType = "com.apple.product-type.bundle.unit-test";
		};
/* End PBXNativeTarget section */

/* Begin PBXProject section */
		6AEEA0E41F1DCEA5004916B9 /* Project object */ = {
			isa = PBXProject;
			attributes = {
				LastSwiftUpdateCheck = 0820;
				LastUpgradeCheck = 0820;
				ORGANIZATIONNAME = iosdev;
				TargetAttributes = {
					6AEEA0EC1F1DCEA5004916B9 = {
						CreatedOnToolsVersion = 8.2.1;
						LastSwiftMigration = 0820;
						ProvisioningStyle = Automatic;
					};
					6AEEA0F51F1DCEA5004916B9 = {
						CreatedOnToolsVersion = 8.2.1;
						ProvisioningStyle = Automatic;
					};
				};
			};
			buildConfigurationList = 6AEEA0E71F1DCEA5004916B9 /* Build configuration list for PBXProject "CryptoWithSwift" */;
			compatibilityVersion = "Xcode 3.2";
			developmentRegion = English;
			hasScannedForEncodings = 0;
			knownRegions = (
				en,
			);
			mainGroup = 6AEEA0E31F1DCEA5004916B9;
			productRefGroup = 6AEEA0EE1F1DCEA5004916B9 /* Products */;
			projectDirPath = "";
			projectReferences = (
				{
					ProductGroup = 6AEEA18F1F1DDE2C004916B9 /* Products */;
					ProjectRef = 6AEEA18E1F1DDE2C004916B9 /* Demo.xcodeproj */;
				},
			);
			projectRoot = "";
			targets = (
				6AEEA0EC1F1DCEA5004916B9 /* CryptoWithSwift */,
				6AEEA0F51F1DCEA5004916B9 /* CryptoWithSwiftTests */,
			);
		};
/* End PBXProject section */

/* Begin PBXReferenceProxy section */
		6AEEA1951F1DDE2D004916B9 /* Demo.app */ = {
			isa = PBXReferenceProxy;
			fileType = wrapper.application;
			path = Demo.app;
			remoteRef = 6AEEA1941F1DDE2D004916B9 /* PBXContainerItemProxy */;
			sourceTree = BUILT_PRODUCTS_DIR;
		};
		6AEEA1971F1DDE2D004916B9 /* DemoTests.xctest */ = {
			isa = PBXReferenceProxy;
			fileType = wrapper.cfbundle;
			path = DemoTests.xctest;
			remoteRef = 6AEEA1961F1DDE2D004916B9 /* PBXContainerItemProxy */;
			sourceTree = BUILT_PRODUCTS_DIR;
		};
		6AEEA1991F1DDE2D004916B9 /* DemoUITests.xctest */ = {
			isa = PBXReferenceProxy;
			fileType = wrapper.cfbundle;
			path = DemoUITests.xctest;
			remoteRef = 6AEEA1981F1DDE2D004916B9 /* PBXContainerItemProxy */;
			sourceTree = BUILT_PRODUCTS_DIR;
		};
/* End PBXReferenceProxy section */

/* Begin PBXResourcesBuildPhase section */
		6AEEA0EB1F1DCEA5004916B9 /* Resources */ = {
			isa = PBXResourcesBuildPhase;
			buildActionMask = 2147483647;
			files = (
			);
			runOnlyForDeploymentPostprocessing = 0;
		};
		6AEEA0F41F1DCEA5004916B9 /* Resources */ = {
			isa = PBXResourcesBuildPhase;
			buildActionMask = 2147483647;
			files = (
			);
			runOnlyForDeploymentPostprocessing = 0;
		};
/* End PBXResourcesBuildPhase section */

/* Begin PBXSourcesBuildPhase section */
		6AEEA0E81F1DCEA5004916B9 /* Sources */ = {
			isa = PBXSourcesBuildPhase;
			buildActionMask = 2147483647;
			files = (
				6AEEA19E1F1DE207004916B9 /* CryptoWithSwift.swift in Sources */,
			);
			runOnlyForDeploymentPostprocessing = 0;
		};
		6AEEA0F21F1DCEA5004916B9 /* Sources */ = {
			isa = PBXSourcesBuildPhase;
			buildActionMask = 2147483647;
			files = (
				6AEEA0FC1F1DCEA5004916B9 /* CryptoWithSwiftTests.swift in Sources */,
			);
			runOnlyForDeploymentPostprocessing = 0;
		};
/* End PBXSourcesBuildPhase section */

/* Begin PBXTargetDependency section */
		6AEEA0F91F1DCEA5004916B9 /* PBXTargetDependency */ = {
			isa = PBXTargetDependency;
			target = 6AEEA0EC1F1DCEA5004916B9 /* CryptoWithSwift */;
			targetProxy = 6AEEA0F81F1DCEA5004916B9 /* PBXContainerItemProxy */;
		};
/* End PBXTargetDependency section */

/* Begin XCBuildConfiguration section */
		6AEEA0FF1F1DCEA5004916B9 /* Debug */ = {
			isa = XCBuildConfiguration;
			buildSettings = {
				ALWAYS_SEARCH_USER_PATHS = NO;
				CLANG_ANALYZER_NONNULL = YES;
				CLANG_CXX_LANGUAGE_STANDARD = "gnu++0x";
				CLANG_CXX_LIBRARY = "libc++";
				CLANG_ENABLE_MODULES = YES;
				CLANG_ENABLE_OBJC_ARC = YES;
				CLANG_WARN_BOOL_CONVERSION = YES;
				CLANG_WARN_CONSTANT_CONVERSION = YES;
				CLANG_WARN_DIRECT_OBJC_ISA_USAGE = YES_ERROR;
				CLANG_WARN_DOCUMENTATION_COMMENTS = YES;
				CLANG_WARN_EMPTY_BODY = YES;
				CLANG_WARN_ENUM_CONVERSION = YES;
				CLANG_WARN_INFINITE_RECURSION = YES;
				CLANG_WARN_INT_CONVERSION = YES;
				CLANG_WARN_OBJC_ROOT_CLASS = YES_ERROR;
				CLANG_WARN_SUSPICIOUS_MOVE = YES;
				CLANG_WARN_UNREACHABLE_CODE = YES;
				CLANG_WARN__DUPLICATE_METHOD_MATCH = YES;
				"CODE_SIGN_IDENTITY[sdk=iphoneos*]" = "iPhone Developer";
				COPY_PHASE_STRIP = NO;
				CURRENT_PROJECT_VERSION = 1;
				DEBUG_INFORMATION_FORMAT = dwarf;
				ENABLE_STRICT_OBJC_MSGSEND = YES;
				ENABLE_TESTABILITY = YES;
				GCC_C_LANGUAGE_STANDARD = gnu99;
				GCC_DYNAMIC_NO_PIC = NO;
				GCC_NO_COMMON_BLOCKS = YES;
				GCC_OPTIMIZATION_LEVEL = 0;
				GCC_PREPROCESSOR_DEFINITIONS = (
					"DEBUG=1",
					"$(inherited)",
				);
				GCC_WARN_64_TO_32_BIT_CONVERSION = YES;
				GCC_WARN_ABOUT_RETURN_TYPE = YES_ERROR;
				GCC_WARN_UNDECLARED_SELECTOR = YES;
				GCC_WARN_UNINITIALIZED_AUTOS = YES_AGGRESSIVE;
				GCC_WARN_UNUSED_FUNCTION = YES;
				GCC_WARN_UNUSED_VARIABLE = YES;
				IPHONEOS_DEPLOYMENT_TARGET = 10.2;
				MTL_ENABLE_DEBUG_INFO = YES;
				ONLY_ACTIVE_ARCH = YES;
				SDKROOT = iphoneos;
				SWIFT_ACTIVE_COMPILATION_CONDITIONS = DEBUG;
				SWIFT_OPTIMIZATION_LEVEL = "-Onone";
				TARGETED_DEVICE_FAMILY = "1,2";
				VERSIONING_SYSTEM = "apple-generic";
				VERSION_INFO_PREFIX = "";
			};
			name = Debug;
		};
		6AEEA1001F1DCEA5004916B9 /* Release */ = {
			isa = XCBuildConfiguration;
			buildSettings = {
				ALWAYS_SEARCH_USER_PATHS = NO;
				CLANG_ANALYZER_NONNULL = YES;
				CLANG_CXX_LANGUAGE_STANDARD = "gnu++0x";
				CLANG_CXX_LIBRARY = "libc++";
				CLANG_ENABLE_MODULES = YES;
				CLANG_ENABLE_OBJC_ARC = YES;
				CLANG_WARN_BOOL_CONVERSION = YES;
				CLANG_WARN_CONSTANT_CONVERSION = YES;
				CLANG_WARN_DIRECT_OBJC_ISA_USAGE = YES_ERROR;
				CLANG_WARN_DOCUMENTATION_COMMENTS = YES;
				CLANG_WARN_EMPTY_BODY = YES;
				CLANG_WARN_ENUM_CONVERSION = YES;
				CLANG_WARN_INFINITE_RECURSION = YES;
				CLANG_WARN_INT_CONVERSION = YES;
				CLANG_WARN_OBJC_ROOT_CLASS = YES_ERROR;
				CLANG_WARN_SUSPICIOUS_MOVE = YES;
				CLANG_WARN_UNREACHABLE_CODE = YES;
				CLANG_WARN__DUPLICATE_METHOD_MATCH = YES;
				"CODE_SIGN_IDENTITY[sdk=iphoneos*]" = "iPhone Developer";
				COPY_PHASE_STRIP = NO;
				CURRENT_PROJECT_VERSION = 1;
				DEBUG_INFORMATION_FORMAT = "dwarf-with-dsym";
				ENABLE_NS_ASSERTIONS = NO;
				ENABLE_STRICT_OBJC_MSGSEND = YES;
				GCC_C_LANGUAGE_STANDARD = gnu99;
				GCC_NO_COMMON_BLOCKS = YES;
				GCC_WARN_64_TO_32_BIT_CONVERSION = YES;
				GCC_WARN_ABOUT_RETURN_TYPE = YES_ERROR;
				GCC_WARN_UNDECLARED_SELECTOR = YES;
				GCC_WARN_UNINITIALIZED_AUTOS = YES_AGGRESSIVE;
				GCC_WARN_UNUSED_FUNCTION = YES;
				GCC_WARN_UNUSED_VARIABLE = YES;
				IPHONEOS_DEPLOYMENT_TARGET = 10.2;
				MTL_ENABLE_DEBUG_INFO = NO;
				SDKROOT = iphoneos;
				SWIFT_OPTIMIZATION_LEVEL = "-Owholemodule";
				TARGETED_DEVICE_FAMILY = "1,2";
				VALIDATE_PRODUCT = YES;
				VERSIONING_SYSTEM = "apple-generic";
				VERSION_INFO_PREFIX = "";
			};
			name = Release;
		};
		6AEEA1021F1DCEA5004916B9 /* Debug */ = {
			isa = XCBuildConfiguration;
			buildSettings = {
				CLANG_ENABLE_MODULES = YES;
				CODE_SIGN_IDENTITY = "";
				DEFINES_MODULE = YES;
				DYLIB_COMPATIBILITY_VERSION = 1;
				DYLIB_CURRENT_VERSION = 1;
				DYLIB_INSTALL_NAME_BASE = "@rpath";
				INFOPLIST_FILE = CryptoWithSwift/Info.plist;
				INSTALL_PATH = "$(LOCAL_LIBRARY_DIR)/Frameworks";
				LD_RUNPATH_SEARCH_PATHS = "$(inherited) @executable_path/Frameworks @loader_path/Frameworks";
				PRODUCT_BUNDLE_IDENTIFIER = com.test.CryptoWithSwift;
				PRODUCT_NAME = "$(TARGET_NAME)";
				SKIP_INSTALL = YES;
				SWIFT_INCLUDE_PATHS = "${SRCROOT}/CommonCrypto";
				SWIFT_OPTIMIZATION_LEVEL = "-Onone";
				SWIFT_VERSION = 3.0;
			};
			name = Debug;
		};
		6AEEA1031F1DCEA5004916B9 /* Release */ = {
			isa = XCBuildConfiguration;
			buildSettings = {
				CLANG_ENABLE_MODULES = YES;
				CODE_SIGN_IDENTITY = "";
				DEFINES_MODULE = YES;
				DYLIB_COMPATIBILITY_VERSION = 1;
				DYLIB_CURRENT_VERSION = 1;
				DYLIB_INSTALL_NAME_BASE = "@rpath";
				INFOPLIST_FILE = CryptoWithSwift/Info.plist;
				INSTALL_PATH = "$(LOCAL_LIBRARY_DIR)/Frameworks";
				LD_RUNPATH_SEARCH_PATHS = "$(inherited) @executable_path/Frameworks @loader_path/Frameworks";
				PRODUCT_BUNDLE_IDENTIFIER = com.test.CryptoWithSwift;
				PRODUCT_NAME = "$(TARGET_NAME)";
				SKIP_INSTALL = YES;
				SWIFT_INCLUDE_PATHS = "${SRCROOT}/CommonCrypto";
				SWIFT_VERSION = 3.0;
			};
			name = Release;
		};
		6AEEA1051F1DCEA5004916B9 /* Debug */ = {
			isa = XCBuildConfiguration;
			buildSettings = {
				ALWAYS_EMBED_SWIFT_STANDARD_LIBRARIES = YES;
				INFOPLIST_FILE = CryptoWithSwiftTests/Info.plist;
				LD_RUNPATH_SEARCH_PATHS = "$(inherited) @executable_path/Frameworks @loader_path/Frameworks";
				PRODUCT_BUNDLE_IDENTIFIER = com.test.CryptoWithSwiftTests;
				PRODUCT_NAME = "$(TARGET_NAME)";
				SWIFT_VERSION = 3.0;
			};
			name = Debug;
		};
		6AEEA1061F1DCEA5004916B9 /* Release */ = {
			isa = XCBuildConfiguration;
			buildSettings = {
				ALWAYS_EMBED_SWIFT_STANDARD_LIBRARIES = YES;
				INFOPLIST_FILE = CryptoWithSwiftTests/Info.plist;
				LD_RUNPATH_SEARCH_PATHS = "$(inherited) @executable_path/Frameworks @loader_path/Frameworks";
				PRODUCT_BUNDLE_IDENTIFIER = com.test.CryptoWithSwiftTests;
				PRODUCT_NAME = "$(TARGET_NAME)";
				SWIFT_VERSION = 3.0;
			};
			name = Release;
		};
/* End XCBuildConfiguration section */

/* Begin XCConfigurationList section */
		6AEEA0E71F1DCEA5004916B9 /* Build configuration list for PBXProject "CryptoWithSwift" */ = {
			isa = XCConfigurationList;
			buildConfigurations = (
				6AEEA0FF1F1DCEA5004916B9 /* Debug */,
				6AEEA1001F1DCEA5004916B9 /* Release */,
			);
			defaultConfigurationIsVisible = 0;
			defaultConfigurationName = Release;
		};
		6AEEA1011F1DCEA5004916B9 /* Build configuration list for PBXNativeTarget "CryptoWithSwift" */ = {
			isa = XCConfigurationList;
			buildConfigurations = (
				6AEEA1021F1DCEA5004916B9 /* Debug */,
				6AEEA1031F1DCEA5004916B9 /* Release */,
			);
			defaultConfigurationIsVisible = 0;
			defaultConfigurationName = Release;
		};
		6AEEA1041F1DCEA5004916B9 /* Build configuration list for PBXNativeTarget "CryptoWithSwiftTests" */ = {
			isa = XCConfigurationList;
			buildConfigurations = (
				6AEEA1051F1DCEA5004916B9 /* Debug */,
				6AEEA1061F1DCEA5004916B9 /* Release */,
			);
			defaultConfigurationIsVisible = 0;
			defaultConfigurationName = Release;
		};
/* End XCConfigurationList section */
	};
	rootObject = 6AEEA0E41F1DCEA5004916B9 /* Project object */;
}
